{
  "name": "Antrom-RPG",
  "lockfileVersion": 3,
  "requires": true,
  "packages": {
    "": {
      "dependencies": {
        "dcl-npc-toolkit": "^1.2.2"
      }
    },
    "node_modules/dcl-npc-toolkit": {
      "version": "1.2.2",
      "resolved": "https://registry.npmjs.org/dcl-npc-toolkit/-/dcl-npc-toolkit-1.2.2.tgz",
      "integrity": "sha512-K9obfikFTs13dhhajIR659IL8h145fs/ezpn7qPGPpvCeeMIBe25pbJU6CLHxNqGIrV5GSHhCa0DIiFOjDa9UQ=="
    }
  }
}
